
Microsoft Visual Studio Solution File, Format Version 12.00
# Visual Studio 14
VisualStudioVersion = 14.0.24720.0
MinimumVisualStudioVersion = 10.0.40219.1
Project("{FAE04EC0-301F-11D3-BF4B-00C04F79EFBC}") = "Escc.Search", "Escc.Search\Escc.Search.csproj", "{B8F4E772-DB03-4D30-A590-930E0D42913A}"
EndProject
Project("{2150E333-8FDC-42A3-9474-1A3956D46DE8}") = "Solution Items", "Solution Items", "{EE9C8FB9-2261-4952-82F4-4E928341B474}"
	ProjectSection(SolutionItems) = preProject
		LICENSE.md = LICENSE.md
		README.md = README.md
	EndProjectSection
EndProject
Project("{E09DD79A-4488-4AB9-8D3F-A7EEE78BF432}") = "Escc.Search.NuGet", "Escc.Search.NuGet\Escc.Search.NuGet.nuproj", "{CE0F896C-3BA3-450C-9955-F58389A16DFE}"
EndProject
Global
	GlobalSection(SolutionConfigurationPlatforms) = preSolution
		Debug|Any CPU = Debug|Any CPU
		Release|Any CPU = Release|Any CPU
	EndGlobalSection
	GlobalSection(ProjectConfigurationPlatforms) = postSolution
		{B8F4E772-DB03-4D30-A590-930E0D42913A}.Debug|Any CPU.ActiveCfg = Debug|Any CPU
		{B8F4E772-DB03-4D30-A590-930E0D42913A}.Debug|Any CPU.Build.0 = Debug|Any CPU
		{B8F4E772-DB03-4D30-A590-930E0D42913A}.Release|Any CPU.ActiveCfg = Release|Any CPU
		{B8F4E772-DB03-4D30-A590-930E0D42913A}.Release|Any CPU.Build.0 = Release|Any CPU
		{CE0F896C-3BA3-450C-9955-F58389A16DFE}.Debug|Any CPU.ActiveCfg = Debug|Any CPU
		{CE0F896C-3BA3-450C-9955-F58389A16DFE}.Debug|Any CPU.Build.0 = Debug|Any CPU
		{CE0F896C-3BA3-450C-9955-F58389A16DFE}.Release|Any CPU.ActiveCfg = Release|Any CPU
		{CE0F896C-3BA3-450C-9955-F58389A16DFE}.Release|Any CPU.Build.0 = Release|Any CPU
	EndGlobalSection
	GlobalSection(SolutionProperties) = preSolution
		HideSolutionNode = FALSE
	EndGlobalSection
EndGlobal
